
Microsoft Visual Studio Solution File, Format Version 12.00
# Visual Studio Version 17
VisualStudioVersion = 17.10.35027.167
MinimumVisualStudioVersion = 10.0.40219.1
Project("{9A19103F-16F7-4668-BE54-9A1E7A4F7556}") = "FirstProject-RP.Web", "FirstProject-RP.Web\FirstProject-RP.Web.csproj", "{85B5D176-951B-4831-96EB-E6C9EEA19AAC}"
EndProject
Project("{9A19103F-16F7-4668-BE54-9A1E7A4F7556}") = "FirstProject-RP.DataLayer", "FirstProject-RP.DataLayer\FirstProject-RP.DataLayer.csproj", "{AFD60039-4127-4893-A0AB-408C4BAE6062}"
EndProject
Project("{9A19103F-16F7-4668-BE54-9A1E7A4F7556}") = "FirtsProject-RP.CoreLayer", "FirtsProject-RP.CoreLayer\FirtsProject-RP.CoreLayer.csproj", "{F2D937D4-D7E6-4F2F-808D-411679DBB252}"
EndProject
Project("{FAE04EC0-301F-11D3-BF4B-00C04F79EFBC}") = "FirstProject-RP.WebMVC", "FirstProject-RP.WebMVC\FirstProject-RP.WebMVC.csproj", "{EBDA5108-93CC-45C2-BBB7-893EA9C357E6}"
EndProject
Global
	GlobalSection(SolutionConfigurationPlatforms) = preSolution
		Debug|Any CPU = Debug|Any CPU
		Release|Any CPU = Release|Any CPU
	EndGlobalSection
	GlobalSection(ProjectConfigurationPlatforms) = postSolution
		{85B5D176-951B-4831-96EB-E6C9EEA19AAC}.Debug|Any CPU.ActiveCfg = Debug|Any CPU
		{85B5D176-951B-4831-96EB-E6C9EEA19AAC}.Debug|Any CPU.Build.0 = Debug|Any CPU
		{85B5D176-951B-4831-96EB-E6C9EEA19AAC}.Release|Any CPU.ActiveCfg = Release|Any CPU
		{85B5D176-951B-4831-96EB-E6C9EEA19AAC}.Release|Any CPU.Build.0 = Release|Any CPU
		{AFD60039-4127-4893-A0AB-408C4BAE6062}.Debug|Any CPU.ActiveCfg = Debug|Any CPU
		{AFD60039-4127-4893-A0AB-408C4BAE6062}.Debug|Any CPU.Build.0 = Debug|Any CPU
		{AFD60039-4127-4893-A0AB-408C4BAE6062}.Release|Any CPU.ActiveCfg = Release|Any CPU
		{AFD60039-4127-4893-A0AB-408C4BAE6062}.Release|Any CPU.Build.0 = Release|Any CPU
		{F2D937D4-D7E6-4F2F-808D-411679DBB252}.Debug|Any CPU.ActiveCfg = Debug|Any CPU
		{F2D937D4-D7E6-4F2F-808D-411679DBB252}.Debug|Any CPU.Build.0 = Debug|Any CPU
		{F2D937D4-D7E6-4F2F-808D-411679DBB252}.Release|Any CPU.ActiveCfg = Release|Any CPU
		{F2D937D4-D7E6-4F2F-808D-411679DBB252}.Release|Any CPU.Build.0 = Release|Any CPU
		{EBDA5108-93CC-45C2-BBB7-893EA9C357E6}.Debug|Any CPU.ActiveCfg = Debug|Any CPU
		{EBDA5108-93CC-45C2-BBB7-893EA9C357E6}.Debug|Any CPU.Build.0 = Debug|Any CPU
		{EBDA5108-93CC-45C2-BBB7-893EA9C357E6}.Release|Any CPU.ActiveCfg = Release|Any CPU
		{EBDA5108-93CC-45C2-BBB7-893EA9C357E6}.Release|Any CPU.Build.0 = Release|Any CPU
	EndGlobalSection
	GlobalSection(SolutionProperties) = preSolution
		HideSolutionNode = FALSE
	EndGlobalSection
	GlobalSection(ExtensibilityGlobals) = postSolution
		SolutionGuid = {CAA84694-A86D-41E8-A636-7AA66B3B9BE3}
	EndGlobalSection
EndGlobal
